
Microsoft Visual Studio Solution File, Format Version 12.00
# Visual Studio Version 16
VisualStudioVersion = 16.0.29709.97
MinimumVisualStudioVersion = 10.0.40219.1
Project("{9A19103F-16F7-4668-BE54-9A1E7A4F7556}") = "PetshopBusinessAPI", "PetshopBusinessAPI\PetshopBusinessAPI.csproj", "{2B23143B-6421-44BB-933C-D53043F16FFD}"
EndProject
Project("{9A19103F-16F7-4668-BE54-9A1E7A4F7556}") = "PetshopDB", "..\PetshopDB\PetshopDB.csproj", "{69C8B97F-1059-420B-89C8-2688E5ACD564}"
EndProject
Global
	GlobalSection(SolutionConfigurationPlatforms) = preSolution
		Debug|Any CPU = Debug|Any CPU
		Release|Any CPU = Release|Any CPU
	EndGlobalSection
	GlobalSection(ProjectConfigurationPlatforms) = postSolution
		{2B23143B-6421-44BB-933C-D53043F16FFD}.Debug|Any CPU.ActiveCfg = Debug|Any CPU
		{2B23143B-6421-44BB-933C-D53043F16FFD}.Debug|Any CPU.Build.0 = Debug|Any CPU
		{2B23143B-6421-44BB-933C-D53043F16FFD}.Release|Any CPU.ActiveCfg = Release|Any CPU
		{2B23143B-6421-44BB-933C-D53043F16FFD}.Release|Any CPU.Build.0 = Release|Any CPU
		{69C8B97F-1059-420B-89C8-2688E5ACD564}.Debug|Any CPU.ActiveCfg = Debug|Any CPU
		{69C8B97F-1059-420B-89C8-2688E5ACD564}.Debug|Any CPU.Build.0 = Debug|Any CPU
		{69C8B97F-1059-420B-89C8-2688E5ACD564}.Release|Any CPU.ActiveCfg = Release|Any CPU
		{69C8B97F-1059-420B-89C8-2688E5ACD564}.Release|Any CPU.Build.0 = Release|Any CPU
	EndGlobalSection
	GlobalSection(SolutionProperties) = preSolution
		HideSolutionNode = FALSE
	EndGlobalSection
	GlobalSection(ExtensibilityGlobals) = postSolution
		SolutionGuid = {BECB830C-26D6-46E0-8B11-CF09B166A792}
	EndGlobalSection
EndGlobal
